
Microsoft Visual Studio Solution File, Format Version 12.00
# Visual Studio Version 16
VisualStudioVersion = 16.0.31229.75
MinimumVisualStudioVersion = 10.0.40219.1
Project("{9A19103F-16F7-4668-BE54-9A1E7A4F7556}") = "OmiApplication", "OmiApplication\OmiApplication.csproj", "{C1FEA751-6CE6-43EE-BFE8-0A06F2581C56}"
EndProject
Global
	GlobalSection(SolutionConfigurationPlatforms) = preSolution
		Debug|Any CPU = Debug|Any CPU
		Release|Any CPU = Release|Any CPU
	EndGlobalSection
	GlobalSection(ProjectConfigurationPlatforms) = postSolution
		{C1FEA751-6CE6-43EE-BFE8-0A06F2581C56}.Debug|Any CPU.ActiveCfg = Debug|Any CPU
		{C1FEA751-6CE6-43EE-BFE8-0A06F2581C56}.Debug|Any CPU.Build.0 = Debug|Any CPU
		{C1FEA751-6CE6-43EE-BFE8-0A06F2581C56}.Release|Any CPU.ActiveCfg = Release|Any CPU
		{C1FEA751-6CE6-43EE-BFE8-0A06F2581C56}.Release|Any CPU.Build.0 = Release|Any CPU
	EndGlobalSection
	GlobalSection(SolutionProperties) = preSolution
		HideSolutionNode = FALSE
	EndGlobalSection
	GlobalSection(ExtensibilityGlobals) = postSolution
		SolutionGuid = {2997C3BE-EC76-45AF-ADFC-A0C5DE8BB4B3}
	EndGlobalSection
EndGlobal
